
Microsoft Visual Studio Solution File, Format Version 12.00
# Visual Studio Version 17
VisualStudioVersion = 17.2.32616.157
MinimumVisualStudioVersion = 10.0.40219.1
Project("{FAE04EC0-301F-11D3-BF4B-00C04F79EFBC}") = "Ejercicios_sesion_3", "Ejercicios_sesion_3\Ejercicios_sesion_3.csproj", "{9DD2D54B-9566-4607-8F6E-169FD8B5512E}"
EndProject
Global
	GlobalSection(SolutionConfigurationPlatforms) = preSolution
		Debug|Any CPU = Debug|Any CPU
		Release|Any CPU = Release|Any CPU
	EndGlobalSection
	GlobalSection(ProjectConfigurationPlatforms) = postSolution
		{9DD2D54B-9566-4607-8F6E-169FD8B5512E}.Debug|Any CPU.ActiveCfg = Debug|Any CPU
		{9DD2D54B-9566-4607-8F6E-169FD8B5512E}.Debug|Any CPU.Build.0 = Debug|Any CPU
		{9DD2D54B-9566-4607-8F6E-169FD8B5512E}.Release|Any CPU.ActiveCfg = Release|Any CPU
		{9DD2D54B-9566-4607-8F6E-169FD8B5512E}.Release|Any CPU.Build.0 = Release|Any CPU
	EndGlobalSection
	GlobalSection(SolutionProperties) = preSolution
		HideSolutionNode = FALSE
	EndGlobalSection
	GlobalSection(ExtensibilityGlobals) = postSolution
		SolutionGuid = {B3DEFCD3-99C8-4D6F-AE9B-67234E74F028}
	EndGlobalSection
EndGlobal
